
Microsoft Visual Studio Solution File, Format Version 12.00
# Visual Studio Version 17
VisualStudioVersion = 17.10.35004.147
MinimumVisualStudioVersion = 10.0.40219.1
Project("{FAE04EC0-301F-11D3-BF4B-00C04F79EFBC}") = "RZRV.APP", "RZRV.APP\RZRV.APP.csproj", "{9988B627-5A83-43BE-ABAB-522FC3A80BFB}"
EndProject
Global
	GlobalSection(SolutionConfigurationPlatforms) = preSolution
		Debug|Any CPU = Debug|Any CPU
		Release|Any CPU = Release|Any CPU
	EndGlobalSection
	GlobalSection(ProjectConfigurationPlatforms) = postSolution
		{9988B627-5A83-43BE-ABAB-522FC3A80BFB}.Debug|Any CPU.ActiveCfg = Debug|Any CPU
		{9988B627-5A83-43BE-ABAB-522FC3A80BFB}.Debug|Any CPU.Build.0 = Debug|Any CPU
		{9988B627-5A83-43BE-ABAB-522FC3A80BFB}.Release|Any CPU.ActiveCfg = Release|Any CPU
		{9988B627-5A83-43BE-ABAB-522FC3A80BFB}.Release|Any CPU.Build.0 = Release|Any CPU
	EndGlobalSection
	GlobalSection(SolutionProperties) = preSolution
		HideSolutionNode = FALSE
	EndGlobalSection
	GlobalSection(ExtensibilityGlobals) = postSolution
		SolutionGuid = {AFD5781C-85A5-4FFA-B08D-6612CB6F0DF5}
	EndGlobalSection
EndGlobal
